
Microsoft Visual Studio Solution File, Format Version 12.00
# Visual Studio 15
VisualStudioVersion = 15.0.26430.14
MinimumVisualStudioVersion = 10.0.40219.1
Project("{FAE04EC0-301F-11D3-BF4B-00C04F79EFBC}") = "ProfessorWeb", "ProfessorWeb\ProfessorWeb.csproj", "{DE47AD09-9076-483A-9FF5-C908FB8574CB}"
EndProject
Global
	GlobalSection(SolutionConfigurationPlatforms) = preSolution
		Debug|Any CPU = Debug|Any CPU
		Release|Any CPU = Release|Any CPU
	EndGlobalSection
	GlobalSection(ProjectConfigurationPlatforms) = postSolution
		{DE47AD09-9076-483A-9FF5-C908FB8574CB}.Debug|Any CPU.ActiveCfg = Debug|Any CPU
		{DE47AD09-9076-483A-9FF5-C908FB8574CB}.Debug|Any CPU.Build.0 = Debug|Any CPU
		{DE47AD09-9076-483A-9FF5-C908FB8574CB}.Release|Any CPU.ActiveCfg = Release|Any CPU
		{DE47AD09-9076-483A-9FF5-C908FB8574CB}.Release|Any CPU.Build.0 = Release|Any CPU
	EndGlobalSection
	GlobalSection(SolutionProperties) = preSolution
		HideSolutionNode = FALSE
	EndGlobalSection
EndGlobal
